
Microsoft Visual Studio Solution File, Format Version 12.00
# Visual Studio Version 16
VisualStudioVersion = 16.0.808.4
MinimumVisualStudioVersion = 10.0.40219.1
Project("{9A19103F-16F7-4668-BE54-9A1E7A4F7556}") = "FitnessApp.Server", "FitnessApp.Server\FitnessApp.Server.csproj", "{92E8579F-364C-458D-B82C-F2134D85F835}"
EndProject
Global
	GlobalSection(SolutionConfigurationPlatforms) = preSolution
		Debug|Any CPU = Debug|Any CPU
		Release|Any CPU = Release|Any CPU
	EndGlobalSection
	GlobalSection(ProjectConfigurationPlatforms) = postSolution
		{92E8579F-364C-458D-B82C-F2134D85F835}.Debug|Any CPU.ActiveCfg = Debug|Any CPU
		{92E8579F-364C-458D-B82C-F2134D85F835}.Debug|Any CPU.Build.0 = Debug|Any CPU
		{92E8579F-364C-458D-B82C-F2134D85F835}.Release|Any CPU.ActiveCfg = Release|Any CPU
		{92E8579F-364C-458D-B82C-F2134D85F835}.Release|Any CPU.Build.0 = Release|Any CPU
		{F32A027A-CD24-4AF0-AD02-249390A586EF}.Debug|Any CPU.ActiveCfg = Debug|Any CPU
		{F32A027A-CD24-4AF0-AD02-249390A586EF}.Debug|Any CPU.Build.0 = Debug|Any CPU
		{F32A027A-CD24-4AF0-AD02-249390A586EF}.Release|Any CPU.ActiveCfg = Release|Any CPU
		{F32A027A-CD24-4AF0-AD02-249390A586EF}.Release|Any CPU.Build.0 = Release|Any CPU
	EndGlobalSection
	GlobalSection(SolutionProperties) = preSolution
		HideSolutionNode = FALSE
	EndGlobalSection
	GlobalSection(ExtensibilityGlobals) = postSolution
		SolutionGuid = {00904176-43AC-4355-A6B7-401CC60B3C59}
	EndGlobalSection
EndGlobal
